{
  "name": "simpleloggerts",
  "version": "0.0.3",
  "lockfileVersion": 1,
  "requires": true,
  "dependencies": {
    "@types/node": {
      "version": "14.11.1",
      "resolved": "https://registry.npmjs.org/@types/node/-/node-14.11.1.tgz",
      "integrity": "sha512-oTQgnd0hblfLsJ6BvJzzSL+Inogp3lq9fGgqRkMB/ziKMgEUaFl801OncOzUmalfzt14N0oPHMK47ipl+wbTIw=="
    },
    "date-and-time": {
      "version": "0.14.1",
      "resolved": "https://registry.npmjs.org/date-and-time/-/date-and-time-0.14.1.tgz",
      "integrity": "sha512-M4RggEH5OF2ZuCOxgOU67R6Z9ohjKbxGvAQz48vj53wLmL0bAgumkBvycR32f30pK+Og9pIR+RFDyChbaE4oLA=="
    },
    "typescript": {
      "version": "4.0.3",
      "resolved": "https://registry.npmjs.org/typescript/-/typescript-4.0.3.tgz",
      "integrity": "sha512-tEu6DGxGgRJPb/mVPIZ48e69xCn2yRmCgYmDugAVwmJ6o+0u1RI18eO7E7WBTLYLaEVVOhwQmcdhQHweux/WPg=="
    }
  }
}
